{
  "originHash" : "4559f8398c47809a5a2b45484c641b840981f533faf67e7428af0b115a806ae5",
  "pins" : [
    {
      "identity" : "swift-argument-parser",
      "kind" : "remoteSourceControl",
      "location" : "https://github.com/apple/swift-argument-parser",
      "state" : {
        "revision" : "41982a3656a71c768319979febd796c6fd111d5c",
        "version" : "1.5.0"
      }
    },
    {
      "identity" : "swift-cli-logger",
      "kind" : "remoteSourceControl",
      "location" : "https://github.com/doozMen/swift-cli-logger.git",
      "state" : {
        "revision" : "500ff612f17ac1c8abac1fa863cb148883c024ac",
        "version" : "1.0.2"
      }
    },
    {
      "identity" : "swift-log",
      "kind" : "remoteSourceControl",
      "location" : "https://github.com/apple/swift-log.git",
      "state" : {
        "revision" : "9cb486020ebf03bfa5b5df985387a14a98744537",
        "version" : "1.6.1"
      }
    }
  ],
  "version" : 3
}
